// !$*UTF8*$!
{
	archiveVersion = 1;
	classes = {
	};
	objectVersion = 50;
	objects = {

/* Begin PBXBuildFile section */
		45AF2D3E2199C4AD0067E123 /* AppDelegate.swift in Sources */ = {isa = PBXBuildFile; fileRef = 45AF2D3D2199C4AD0067E123 /* AppDelegate.swift */; };
		45AF2D402199C4AD0067E123 /* ViewController.swift in Sources */ = {isa = PBXBuildFile; fileRef = 45AF2D3F2199C4AD0067E123 /* ViewController.swift */; };
		45AF2D432199C4AD0067E123 /* Main.storyboard in Resources */ = {isa = PBXBuildFile; fileRef = 45AF2D412199C4AD0067E123 /* Main.storyboard */; };
		45AF2D452199C4AE0067E123 /* Assets.xcassets in Resources */ = {isa = PBXBuildFile; fileRef = 45AF2D442199C4AE0067E123 /* Assets.xcassets */; };
		45AF2D482199C4AE0067E123 /* LaunchScreen.storyboard in Resources */ = {isa = PBXBuildFile; fileRef = 45AF2D462199C4AE0067E123 /* LaunchScreen.storyboard */; };
		45AF2D532199C4AE0067E123 /* FaceRecognitionTests.swift in Sources */ = {isa = PBXBuildFile; fileRef = 45AF2D522199C4AE0067E123 /* FaceRecognitionTests.swift */; };
		45AF2D5E2199C4AE0067E123 /* FaceRecognitionUITests.swift in Sources */ = {isa = PBXBuildFile; fileRef = 45AF2D5D2199C4AE0067E123 /* FaceRecognitionUITests.swift */; };
/* End PBXBuildFile section */

/* Begin PBXContainerItemProxy section */
		45AF2D4F2199C4AE0067E123 /* PBXContainerItemProxy */ = {
			isa = PBXContainerItemProxy;
			containerPortal = 45AF2D322199C4AD0067E123 /* Project object */;
			proxyType = 1;
			remoteGlobalIDString = 45AF2D392199C4AD0067E123;
			remoteInfo = FaceRecognition;
		};
		45AF2D5A2199C4AE0067E123 /* PBXContainerItemProxy */ = {
			isa = PBXContainerItemProxy;
			containerPortal = 45AF2D322199C4AD0067E123 /* Project object */;
			proxyType = 1;
			remoteGlobalIDString = 45AF2D392199C4AD0067E123;
			remoteInfo = FaceRecognition;
		};
/* End PBXContainerItemProxy section */

/* Begin PBXFileReference section */
		45AF2D3A2199C4AD0067E123 /* FaceRecognition.app */ = {isa = PBXFileReference; explicitFileType = wrapper.application; includeInIndex = 0; path = FaceRecognition.app; sourceTree = BUILT_PRODUCTS_DIR; };
		45AF2D3D2199C4AD0067E123 /* AppDelegate.swift */ = {isa = PBXFileReference; lastKnownFileType = sourcecode.swift; path = AppDelegate.swift; sourceTree = "<group>"; };
		45AF2D3F2199C4AD0067E123 /* ViewController.swift */ = {isa = PBXFileReference; lastKnownFileType = sourcecode.swift; path = ViewController.swift; sourceTree = "<group>"; };
		45AF2D422199C4AD0067E123 /* Base */ = {isa = PBXFileReference; lastKnownFileType = file.storyboard; name = Base; path = Base.lproj/Main.storyboard; sourceTree = "<group>"; };
		45AF2D442199C4AE0067E123 /* Assets.xcassets */ = {isa = PBXFileReference; lastKnownFileType = folder.assetcatalog; path = Assets.xcassets; sourceTree = "<group>"; };
		45AF2D472199C4AE0067E123 /* Base */ = {isa = PBXFileReference; lastKnownFileType = file.storyboard; name = Base; path = Base.lproj/LaunchScreen.storyboard; sourceTree = "<group>"; };
		45AF2D492199C4AE0067E123 /* Info.plist */ = {isa = PBXFileReference; lastKnownFileType = text.plist.xml; path = Info.plist; sourceTree = "<group>"; };
		45AF2D4E2199C4AE0067E123 /* FaceRecognitionTests.xctest */ = {isa = PBXFileReference; explicitFileType = wrapper.cfbundle; includeInIndex = 0; path = FaceRecognitionTests.xctest; sourceTree = BUILT_PRODUCTS_DIR; };
		45AF2D522199C4AE0067E123 /* FaceRecognitionTests.swift */ = {isa = PBXFileReference; lastKnownFileType = sourcecode.swift; path = FaceRecognitionTests.swift; sourceTree = "<group>"; };
		45AF2D542199C4AE0067E123 /* Info.plist */ = {isa = PBXFileReference; lastKnownFileType = text.plist.xml; path = Info.plist; sourceTree = "<group>"; };
		45AF2D592199C4AE0067E123 /* FaceRecognitionUITests.xctest */ = {isa = PBXFileReference; explicitFileType = wrapper.cfbundle; includeInIndex = 0; path = FaceRecognitionUITests.xctest; sourceTree = BUILT_PRODUCTS_DIR; };
		45AF2D5D2199C4AE0067E123 /* FaceRecognitionUITests.swift */ = {isa = PBXFileReference; lastKnownFileType = sourcecode.swift; path = FaceRecognitionUITests.swift; sourceTree = "<group>"; };
		45AF2D5F2199C4AE0067E123 /* Info.plist */ = {isa = PBXFileReference; lastKnownFileType = text.plist.xml; path = Info.plist; sourceTree = "<group>"; };
/* End PBXFileReference section */

/* Begin PBXFrameworksBuildPhase section */
		45AF2D372199C4AD0067E123 /* Frameworks */ = {
			isa = PBXFrameworksBuildPhase;
			buildActionMask = 2147483647;
			files = (
			);
			runOnlyForDeploymentPostprocessing = 0;
		};
		45AF2D4B2199C4AE0067E123 /* Frameworks */ = {
			isa = PBXFrameworksBuildPhase;
			buildActionMask = 2147483647;
			files = (
			);
			runOnlyForDeploymentPostprocessing = 0;
		};
		45AF2D562199C4AE0067E123 /* Frameworks */ = {
			isa = PBXFrameworksBuildPhase;
			buildActionMask = 2147483647;
			files = (
			);
			runOnlyForDeploymentPostprocessing = 0;
		};
/* End PBXFrameworksBuildPhase section */

/* Begin PBXGroup section */
		45AF2D312199C4AD0067E123 = {
			isa = PBXGroup;
			children = (
				45AF2D3C2199C4AD0067E123 /* FaceRecognition */,
				45AF2D512199C4AE0067E123 /* FaceRecognitionTests */,
				45AF2D5C2199C4AE0067E123 /* FaceRecognitionUITests */,
				45AF2D3B2199C4AD0067E123 /* Products */,
			);
			sourceTree = "<group>";
		};
		45AF2D3B2199C4AD0067E123 /* Products */ = {
			isa = PBXGroup;
			children = (
				45AF2D3A2199C4AD0067E123 /* FaceRecognition.app */,
				45AF2D4E2199C4AE0067E123 /* FaceRecognitionTests.xctest */,
				45AF2D592199C4AE0067E123 /* FaceRecognitionUITests.xctest */,
			);
			name = Products;
			sourceTree = "<group>";
		};
		45AF2D3C2199C4AD0067E123 /* FaceRecognition */ = {
			isa = PBXGroup;
			children = (
				45AF2D3D2199C4AD0067E123 /* AppDelegate.swift */,
				45AF2D3F2199C4AD0067E123 /* ViewController.swift */,
				45AF2D412199C4AD0067E123 /* Main.storyboard */,
				45AF2D442199C4AE0067E123 /* Assets.xcassets */,
				45AF2D462199C4AE0067E123 /* LaunchScreen.storyboard */,
				45AF2D492199C4AE0067E123 /* Info.plist */,
			);
			path = FaceRecognition;
			sourceTree = "<group>";
		};
		45AF2D512199C4AE0067E123 /* FaceRecognitionTests */ = {
			isa = PBXGroup;
			children = (
				45AF2D522199C4AE0067E123 /* FaceRecognitionTests.swift */,
				45AF2D542199C4AE0067E123 /* Info.plist */,
			);
			path = FaceRecognitionTests;
			sourceTree = "<group>";
		};
		45AF2D5C2199C4AE0067E123 /* FaceRecognitionUITests */ = {
			isa = PBXGroup;
			children = (
				45AF2D5D2199C4AE0067E123 /* FaceRecognitionUITests.swift */,
				45AF2D5F2199C4AE0067E123 /* Info.plist */,
			);
			path = FaceRecognitionUITests;
			sourceTree = "<group>";
		};
/* End PBXGroup section */

/* Begin PBXNativeTarget section */
		45AF2D392199C4AD0067E123 /* FaceRecognition */ = {
			isa = PBXNativeTarget;
			buildConfigurationList = 45AF2D622199C4AE0067E123 /* Build configuration list for PBXNativeTarget "FaceRecognition" */;
			buildPhases = (
				45AF2D362199C4AD0067E123 /* Sources */,
				45AF2D372199C4AD0067E123 /* Frameworks */,
				45AF2D382199C4AD0067E123 /* Resources */,
			);
			buildRules = (
			);
			dependencies = (
			);
			name = FaceRecognition;
			productName = FaceRecognition;
			productReference = 45AF2D3A2199C4AD0067E123 /* FaceRecognition.app */;
			productType = "com.apple.product-type.application";
		};
		45AF2D4D2199C4AE0067E123 /* FaceRecognitionTests */ = {
			isa = PBXNativeTarget;
			buildConfigurationList = 45AF2D652199C4AE0067E123 /* Build configuration list for PBXNativeTarget "FaceRecognitionTests" */;
			buildPhases = (
				45AF2D4A2199C4AE0067E123 /* Sources */,
				45AF2D4B2199C4AE0067E123 /* Frameworks */,
				45AF2D4C2199C4AE0067E123 /* Resources */,
			);
			buildRules = (
			);
			dependencies = (
				45AF2D502199C4AE0067E123 /* PBXTargetDependency */,
			);
			name = FaceRecognitionTests;
			productName = FaceRecognitionTests;
			productReference = 45AF2D4E2199C4AE0067E123 /* FaceRecognitionTests.xctest */;
			productType = "com.apple.product-type.bundle.unit-test";
		};
		45AF2D582199C4AE0067E123 /* FaceRecognitionUITests */ = {
			isa = PBXNativeTarget;
			buildConfigurationList = 45AF2D682199C4AE0067E123 /* Build configuration list for PBXNativeTarget "FaceRecognitionUITests" */;
			buildPhases = (
				45AF2D552199C4AE0067E123 /* Sources */,
				45AF2D562199C4AE0067E123 /* Frameworks */,
				45AF2D572199C4AE0067E123 /* Resources */,
			);
			buildRules = (
			);
			dependencies = (
				45AF2D5B2199C4AE0067E123 /* PBXTargetDependency */,
			);
			name = FaceRecognitionUITests;
			productName = FaceRecognitionUITests;
			productReference = 45AF2D592199C4AE0067E123 /* FaceRecognitionUITests.xctest */;
			productType = "com.apple.product-type.bundle.ui-testing";
		};
/* End PBXNativeTarget section */

/* Begin PBXProject section */
		45AF2D322199C4AD0067E123 /* Project object */ = {
			isa = PBXProject;
			attributes = {
				LastSwiftUpdateCheck = 1010;
				LastUpgradeCheck = 1010;
				ORGANIZATIONNAME = "De La Cruz, Eduardo";
				TargetAttributes = {
					45AF2D392199C4AD0067E123 = {
						CreatedOnToolsVersion = 10.1;
					};
					45AF2D4D2199C4AE0067E123 = {
						CreatedOnToolsVersion = 10.1;
						TestTargetID = 45AF2D392199C4AD0067E123;
					};
					45AF2D582199C4AE0067E123 = {
						CreatedOnToolsVersion = 10.1;
						TestTargetID = 45AF2D392199C4AD0067E123;
					};
				};
			};
			buildConfigurationList = 45AF2D352199C4AD0067E123 /* Build configuration list for PBXProject "FaceRecognition" */;
			compatibilityVersion = "Xcode 9.3";
			developmentRegion = en;
			hasScannedForEncodings = 0;
			knownRegions = (
				en,
				Base,
			);
			mainGroup = 45AF2D312199C4AD0067E123;
			productRefGroup = 45AF2D3B2199C4AD0067E123 /* Products */;
			projectDirPath = "";
			projectRoot = "";
			targets = (
				45AF2D392199C4AD0067E123 /* FaceRecognition */,
				45AF2D4D2199C4AE0067E123 /* FaceRecognitionTests */,
				45AF2D582199C4AE0067E123 /* FaceRecognitionUITests */,
			);
		};
/* End PBXProject section */

/* Begin PBXResourcesBuildPhase section */
		45AF2D382199C4AD0067E123 /* Resources */ = {
			isa = PBXResourcesBuildPhase;
			buildActionMask = 2147483647;
			files = (
				45AF2D482199C4AE0067E123 /* LaunchScreen.storyboard in Resources */,
				45AF2D452199C4AE0067E123 /* Assets.xcassets in Resources */,
				45AF2D432199C4AD0067E123 /* Main.storyboard in Resources */,
			);
			runOnlyForDeploymentPostprocessing = 0;
		};
		45AF2D4C2199C4AE0067E123 /* Resources */ = {
			isa = PBXResourcesBuildPhase;
			buildActionMask = 2147483647;
			files = (
			);
			runOnlyForDeploymentPostprocessing = 0;
		};
		45AF2D572199C4AE0067E123 /* Resources */ = {
			isa = PBXResourcesBuildPhase;
			buildActionMask = 2147483647;
			files = (
			);
			runOnlyForDeploymentPostprocessing = 0;
		};
/* End PBXResourcesBuildPhase section */

/* Begin PBXSourcesBuildPhase section */
		45AF2D362199C4AD0067E123 /* Sources */ = {
			isa = PBXSourcesBuildPhase;
			buildActionMask = 2147483647;
			files = (
				45AF2D402199C4AD0067E123 /* ViewController.swift in Sources */,
				45AF2D3E2199C4AD0067E123 /* AppDelegate.swift in Sources */,
			);
			runOnlyForDeploymentPostprocessing = 0;
		};
		45AF2D4A2199C4AE0067E123 /* Sources */ = {
			isa = PBXSourcesBuildPhase;
			buildActionMask = 2147483647;
			files = (
				45AF2D532199C4AE0067E123 /* FaceRecognitionTests.swift in Sources */,
			);
			runOnlyForDeploymentPostprocessing = 0;
		};
		45AF2D552199C4AE0067E123 /* Sources */ = {
			isa = PBXSourcesBuildPhase;
			buildActionMask = 2147483647;
			files = (
				45AF2D5E2199C4AE0067E123 /* FaceRecognitionUITests.swift in Sources */,
			);
			runOnlyForDeploymentPostprocessing = 0;
		};
/* End PBXSourcesBuildPhase section */

/* Begin PBXTargetDependency section */
		45AF2D502199C4AE0067E123 /* PBXTargetDependency */ = {
			isa = PBXTargetDependency;
			target = 45AF2D392199C4AD0067E123 /* FaceRecognition */;
			targetProxy = 45AF2D4F2199C4AE0067E123 /* PBXContainerItemProxy */;
		};
		45AF2D5B2199C4AE0067E123 /* PBXTargetDependency */ = {
			isa = PBXTargetDependency;
			target = 45AF2D392199C4AD0067E123 /* FaceRecognition */;
			targetProxy = 45AF2D5A2199C4AE0067E123 /* PBXContainerItemProxy */;
		};
/* End PBXTargetDependency section */

/* Begin PBXVariantGroup section */
		45AF2D412199C4AD0067E123 /* Main.storyboard */ = {
			isa = PBXVariantGroup;
			children = (
				45AF2D422199C4AD0067E123 /* Base */,
			);
			name = Main.storyboard;
			sourceTree = "<group>";
		};
		45AF2D462199C4AE0067E123 /* LaunchScreen.storyboard */ = {
			isa = PBXVariantGroup;
			children = (
				45AF2D472199C4AE0067E123 /* Base */,
			);
			name = LaunchScreen.storyboard;
			sourceTree = "<group>";
		};
/* End PBXVariantGroup section */

/* Begin XCBuildConfiguration section */
		45AF2D602199C4AE0067E123 /* Debug */ = {
			isa = XCBuildConfiguration;
			buildSettings = {
				ALWAYS_SEARCH_USER_PATHS = NO;
				CLANG_ANALYZER_NONNULL = YES;
				CLANG_ANALYZER_NUMBER_OBJECT_CONVERSION = YES_AGGRESSIVE;
				CLANG_CXX_LANGUAGE_STANDARD = "gnu++14";
				CLANG_CXX_LIBRARY = "libc++";
				CLANG_ENABLE_MODULES = YES;
				CLANG_ENABLE_OBJC_ARC = YES;
				CLANG_ENABLE_OBJC_WEAK = YES;
				CLANG_WARN_BLOCK_CAPTURE_AUTORELEASING = YES;
				CLANG_WARN_BOOL_CONVERSION = YES;
				CLANG_WARN_COMMA = YES;
				CLANG_WARN_CONSTANT_CONVERSION = YES;
				CLANG_WARN_DEPRECATED_OBJC_IMPLEMENTATIONS = YES;
				CLANG_WARN_DIRECT_OBJC_ISA_USAGE = YES_ERROR;
				CLANG_WARN_DOCUMENTATION_COMMENTS = YES;
				CLANG_WARN_EMPTY_BODY = YES;
				CLANG_WARN_ENUM_CONVERSION = YES;
				CLANG_WARN_INFINITE_RECURSION = YES;
				CLANG_WARN_INT_CONVERSION = YES;
				CLANG_WARN_NON_LITERAL_NULL_CONVERSION = YES;
				CLANG_WARN_OBJC_IMPLICIT_RETAIN_SELF = YES;
				CLANG_WARN_OBJC_LITERAL_CONVERSION = YES;
				CLANG_WARN_OBJC_ROOT_CLASS = YES_ERROR;
				CLANG_WARN_RANGE_LOOP_ANALYSIS = YES;
				CLANG_WARN_STRICT_PROTOTYPES = YES;
				CLANG_WARN_SUSPICIOUS_MOVE = YES;
				CLANG_WARN_UNGUARDED_AVAILABILITY = YES_AGGRESSIVE;
				CLANG_WARN_UNREACHABLE_CODE = YES;
				CLANG_WARN__DUPLICATE_METHOD_MATCH = YES;
				CODE_SIGN_IDENTITY = "iPhone Developer";
				COPY_PHASE_STRIP = NO;
				DEBUG_INFORMATION_FORMAT = dwarf;
				ENABLE_STRICT_OBJC_MSGSEND = YES;
				ENABLE_TESTABILITY = YES;
				GCC_C_LANGUAGE_STANDARD = gnu11;
				GCC_DYNAMIC_NO_PIC = NO;
				GCC_NO_COMMON_BLOCKS = YES;
				GCC_OPTIMIZATION_LEVEL = 0;
				GCC_PREPROCESSOR_DEFINITIONS = (
					"DEBUG=1",
					"$(inherited)",
				);
				GCC_WARN_64_TO_32_BIT_CONVERSION = YES;
				GCC_WARN_ABOUT_RETURN_TYPE = YES_ERROR;
				GCC_WARN_UNDECLARED_SELECTOR = YES;
				GCC_WARN_UNINITIALIZED_AUTOS = YES_AGGRESSIVE;
				GCC_WARN_UNUSED_FUNCTION = YES;
				GCC_WARN_UNUSED_VARIABLE = YES;
				IPHONEOS_DEPLOYMENT_TARGET = 12.1;
				MTL_ENABLE_DEBUG_INFO = INCLUDE_SOURCE;
				MTL_FAST_MATH = YES;
				ONLY_ACTIVE_ARCH = YES;
				SDKROOT = iphoneos;
				SWIFT_ACTIVE_COMPILATION_CONDITIONS = DEBUG;
				SWIFT_OPTIMIZATION_LEVEL = "-Onone";
			};
			name = Debug;
		};
		45AF2D612199C4AE0067E123 /* Release */ = {
			isa = XCBuildConfiguration;
			buildSettings = {
				ALWAYS_SEARCH_USER_PATHS = NO;
				CLANG_ANALYZER_NONNULL = YES;
				CLANG_ANALYZER_NUMBER_OBJECT_CONVERSION = YES_AGGRESSIVE;
				CLANG_CXX_LANGUAGE_STANDARD = "gnu++14";
				CLANG_CXX_LIBRARY = "libc++";
				CLANG_ENABLE_MODULES = YES;
				CLANG_ENABLE_OBJC_ARC = YES;
				CLANG_ENABLE_OBJC_WEAK = YES;
				CLANG_WARN_BLOCK_CAPTURE_AUTORELEASING = YES;
				CLANG_WARN_BOOL_CONVERSION = YES;
				CLANG_WARN_COMMA = YES;
				CLANG_WARN_CONSTANT_CONVERSION = YES;
				CLANG_WARN_DEPRECATED_OBJC_IMPLEMENTATIONS = YES;
				CLANG_WARN_DIRECT_OBJC_ISA_USAGE = YES_ERROR;
				CLANG_WARN_DOCUMENTATION_COMMENTS = YES;
				CLANG_WARN_EMPTY_BODY = YES;
				CLANG_WARN_ENUM_CONVERSION = YES;
				CLANG_WARN_INFINITE_RECURSION = YES;
				CLANG_WARN_INT_CONVERSION = YES;
				CLANG_WARN_NON_LITERAL_NULL_CONVERSION = YES;
				CLANG_WARN_OBJC_IMPLICIT_RETAIN_SELF = YES;
				CLANG_WARN_OBJC_LITERAL_CONVERSION = YES;
				CLANG_WARN_OBJC_ROOT_CLASS = YES_ERROR;
				CLANG_WARN_RANGE_LOOP_ANALYSIS = YES;
				CLANG_WARN_STRICT_PROTOTYPES = YES;
				CLANG_WARN_SUSPICIOUS_MOVE = YES;
				CLANG_WARN_UNGUARDED_AVAILABILITY = YES_AGGRESSIVE;
				CLANG_WARN_UNREACHABLE_CODE = YES;
				CLANG_WARN__DUPLICATE_METHOD_MATCH = YES;
				CODE_SIGN_IDENTITY = "iPhone Developer";
				COPY_PHASE_STRIP = NO;
				DEBUG_INFORMATION_FORMAT = "dwarf-with-dsym";
				ENABLE_NS_ASSERTIONS = NO;
				ENABLE_STRICT_OBJC_MSGSEND = YES;
				GCC_C_LANGUAGE_STANDARD = gnu11;
				GCC_NO_COMMON_BLOCKS = YES;
				GCC_WARN_64_TO_32_BIT_CONVERSION = YES;
				GCC_WARN_ABOUT_RETURN_TYPE = YES_ERROR;
				GCC_WARN_UNDECLARED_SELECTOR = YES;
				GCC_WARN_UNINITIALIZED_AUTOS = YES_AGGRESSIVE;
				GCC_WARN_UNUSED_FUNCTION = YES;
				GCC_WARN_UNUSED_VARIABLE = YES;
				IPHONEOS_DEPLOYMENT_TARGET = 12.1;
				MTL_ENABLE_DEBUG_INFO = NO;
				MTL_FAST_MATH = YES;
				SDKROOT = iphoneos;
				SWIFT_COMPILATION_MODE = wholemodule;
				SWIFT_OPTIMIZATION_LEVEL = "-O";
				VALIDATE_PRODUCT = YES;
			};
			name = Release;
		};
		45AF2D632199C4AE0067E123 /* Debug */ = {
			isa = XCBuildConfiguration;
			buildSettings = {
				ASSETCATALOG_COMPILER_APPICON_NAME = AppIcon;
				CODE_SIGN_STYLE = Automatic;
				DEVELOPMENT_TEAM = 63JNZL9NHF;
				INFOPLIST_FILE = FaceRecognition/Info.plist;
				LD_RUNPATH_SEARCH_PATHS = (
					"$(inherited)",
					"@executable_path/Frameworks",
				);
				PRODUCT_BUNDLE_IDENTIFIER = eduardodelacruz.FaceRecognition;
				PRODUCT_NAME = "$(TARGET_NAME)";
				SWIFT_VERSION = 4.2;
				TARGETED_DEVICE_FAMILY = "1,2";
			};
			name = Debug;
		};
		45AF2D642199C4AE0067E123 /* Release */ = {
			isa = XCBuildConfiguration;
			buildSettings = {
				ASSETCATALOG_COMPILER_APPICON_NAME = AppIcon;
				CODE_SIGN_STYLE = Automatic;
				DEVELOPMENT_TEAM = 63JNZL9NHF;
				INFOPLIST_FILE = FaceRecognition/Info.plist;
				LD_RUNPATH_SEARCH_PATHS = (
					"$(inherited)",
					"@executable_path/Frameworks",
				);
				PRODUCT_BUNDLE_IDENTIFIER = eduardodelacruz.FaceRecognition;
				PRODUCT_NAME = "$(TARGET_NAME)";
				SWIFT_VERSION = 4.2;
				TARGETED_DEVICE_FAMILY = "1,2";
			};
			name = Release;
		};
		45AF2D662199C4AE0067E123 /* Debug */ = {
			isa = XCBuildConfiguration;
			buildSettings = {
				ALWAYS_EMBED_SWIFT_STANDARD_LIBRARIES = YES;
				BUNDLE_LOADER = "$(TEST_HOST)";
				CODE_SIGN_STYLE = Automatic;
				DEVELOPMENT_TEAM = 63JNZL9NHF;
				INFOPLIST_FILE = FaceRecognitionTests/Info.plist;
				LD_RUNPATH_SEARCH_PATHS = (
					"$(inherited)",
					"@executable_path/Frameworks",
					"@loader_path/Frameworks",
				);
				PRODUCT_BUNDLE_IDENTIFIER = eduardodelacruz.FaceRecognitionTests;
				PRODUCT_NAME = "$(TARGET_NAME)";
				SWIFT_VERSION = 4.2;
				TARGETED_DEVICE_FAMILY = "1,2";
				TEST_HOST = "$(BUILT_PRODUCTS_DIR)/FaceRecognition.app/FaceRecognition";
			};
			name = Debug;
		};
		45AF2D672199C4AE0067E123 /* Release */ = {
			isa = XCBuildConfiguration;
			buildSettings = {
				ALWAYS_EMBED_SWIFT_STANDARD_LIBRARIES = YES;
				BUNDLE_LOADER = "$(TEST_HOST)";
				CODE_SIGN_STYLE = Automatic;
				DEVELOPMENT_TEAM = 63JNZL9NHF;
				INFOPLIST_FILE = FaceRecognitionTests/Info.plist;
				LD_RUNPATH_SEARCH_PATHS = (
					"$(inherited)",
					"@executable_path/Frameworks",
					"@loader_path/Frameworks",
				);
				PRODUCT_BUNDLE_IDENTIFIER = eduardodelacruz.FaceRecognitionTests;
				PRODUCT_NAME = "$(TARGET_NAME)";
				SWIFT_VERSION = 4.2;
				TARGETED_DEVICE_FAMILY = "1,2";
				TEST_HOST = "$(BUILT_PRODUCTS_DIR)/FaceRecognition.app/FaceRecognition";
			};
			name = Release;
		};
		45AF2D692199C4AE0067E123 /* Debug */ = {
			isa = XCBuildConfiguration;
			buildSettings = {
				ALWAYS_EMBED_SWIFT_STANDARD_LIBRARIES = YES;
				CODE_SIGN_STYLE = Automatic;
				DEVELOPMENT_TEAM = 63JNZL9NHF;
				INFOPLIST_FILE = FaceRecognitionUITests/Info.plist;
				LD_RUNPATH_SEARCH_PATHS = (
					"$(inherited)",
					"@executable_path/Frameworks",
					"@loader_path/Frameworks",
				);
				PRODUCT_BUNDLE_IDENTIFIER = eduardodelacruz.FaceRecognitionUITests;
				PRODUCT_NAME = "$(TARGET_NAME)";
				SWIFT_VERSION = 4.2;
				TARGETED_DEVICE_FAMILY = "1,2";
				TEST_TARGET_NAME = FaceRecognition;
			};
			name = Debug;
		};
		45AF2D6A2199C4AE0067E123 /* Release */ = {
			isa = XCBuildConfiguration;
			buildSettings = {
				ALWAYS_EMBED_SWIFT_STANDARD_LIBRARIES = YES;
				CODE_SIGN_STYLE = Automatic;
				DEVELOPMENT_TEAM = 63JNZL9NHF;
				INFOPLIST_FILE = FaceRecognitionUITests/Info.plist;
				LD_RUNPATH_SEARCH_PATHS = (
					"$(inherited)",
					"@executable_path/Frameworks",
					"@loader_path/Frameworks",
				);
				PRODUCT_BUNDLE_IDENTIFIER = eduardodelacruz.FaceRecognitionUITests;
				PRODUCT_NAME = "$(TARGET_NAME)";
				SWIFT_VERSION = 4.2;
				TARGETED_DEVICE_FAMILY = "1,2";
				TEST_TARGET_NAME = FaceRecognition;
			};
			name = Release;
		};
/* End XCBuildConfiguration section */

/* Begin XCConfigurationList section */
		45AF2D352199C4AD0067E123 /* Build configuration list for PBXProject "FaceRecognition" */ = {
			isa = XCConfigurationList;
			buildConfigurations = (
				45AF2D602199C4AE0067E123 /* Debug */,
				45AF2D612199C4AE0067E123 /* Release */,
			);
			defaultConfigurationIsVisible = 0;
			defaultConfigurationName = Release;
		};
		45AF2D622199C4AE0067E123 /* Build configuration list for PBXNativeTarget "FaceRecognition" */ = {
			isa = XCConfigurationList;
			buildConfigurations = (
				45AF2D632199C4AE0067E123 /* Debug */,
				45AF2D642199C4AE0067E123 /* Release */,
			);
			defaultConfigurationIsVisible = 0;
			defaultConfigurationName = Release;
		};
		45AF2D652199C4AE0067E123 /* Build configuration list for PBXNativeTarget "FaceRecognitionTests" */ = {
			isa = XCConfigurationList;
			buildConfigurations = (
				45AF2D662199C4AE0067E123 /* Debug */,
				45AF2D672199C4AE0067E123 /* Release */,
			);
			defaultConfigurationIsVisible = 0;
			defaultConfigurationName = Release;
		};
		45AF2D682199C4AE0067E123 /* Build configuration list for PBXNativeTarget "FaceRecognitionUITests" */ = {
			isa = XCConfigurationList;
			buildConfigurations = (
				45AF2D692199C4AE0067E123 /* Debug */,
				45AF2D6A2199C4AE0067E123 /* Release */,
			);
			defaultConfigurationIsVisible = 0;
			defaultConfigurationName = Release;
		};
/* End XCConfigurationList section */
	};
	rootObject = 45AF2D322199C4AD0067E123 /* Project object */;
}
